
Microsoft Visual Studio Solution File, Format Version 12.00
# Visual Studio Version 17
VisualStudioVersion = 17.0.32112.339
MinimumVisualStudioVersion = 10.0.40219.1
Project("{9A19103F-16F7-4668-BE54-9A1E7A4F7556}") = "StratGen2kTurbo", "StratGen2kTurbo.csproj", "{5C9E2D22-6824-407D-90D4-8827C7888A4E}"
EndProject
Global
	GlobalSection(SolutionConfigurationPlatforms) = preSolution
		Debug|Any CPU = Debug|Any CPU
		Release|Any CPU = Release|Any CPU
	EndGlobalSection
	GlobalSection(ProjectConfigurationPlatforms) = postSolution
		{5C9E2D22-6824-407D-90D4-8827C7888A4E}.Debug|Any CPU.ActiveCfg = Debug|Any CPU
		{5C9E2D22-6824-407D-90D4-8827C7888A4E}.Debug|Any CPU.Build.0 = Debug|Any CPU
		{5C9E2D22-6824-407D-90D4-8827C7888A4E}.Release|Any CPU.ActiveCfg = Release|Any CPU
		{5C9E2D22-6824-407D-90D4-8827C7888A4E}.Release|Any CPU.Build.0 = Release|Any CPU
	EndGlobalSection
	GlobalSection(SolutionProperties) = preSolution
		HideSolutionNode = FALSE
	EndGlobalSection
	GlobalSection(ExtensibilityGlobals) = postSolution
		SolutionGuid = {7075BE62-20BB-4F33-811D-209B91E38FB3}
	EndGlobalSection
EndGlobal
